// !$*UTF8*$!
{archiveVersion = 1; classes = {}; objectVersion = 56; objects = {
845F65209D19F1E91A3C573D = {isa = PBXFileReference; explicitFileType = wrapper.application; path = ChihayaPet.app; sourceTree = BUILT_PRODUCTS_DIR;};
9FEED0499F36FF4A8531E2EC = {isa = PBXFileReference; explicitFileType = wrapper.cfbundle; path = ChihayaPetTests.xctest; sourceTree = BUILT_PRODUCTS_DIR;};
C066AB996F5DE62EEFAF259A = {isa = PBXFileReference; lastKnownFileType = sourcecode.swift; path = "ChihayaPet/AppDelegate.swift"; sourceTree = SOURCE_ROOT;};
EFD9CE9AD553D1036554287A = {isa = PBXBuildFile; fileRef = C066AB996F5DE62EEFAF259A;};
DD0FD2ECC2F5D1A147E2AF2C = {isa = PBXFileReference; lastKnownFileType = sourcecode.swift; path = "ChihayaPet/Core/AppStore.swift"; sourceTree = SOURCE_ROOT;};
AD738A4796F310607DB7DB4A = {isa = PBXBuildFile; fileRef = DD0FD2ECC2F5D1A147E2AF2C;};
3538D54FB730207E0D201893 = {isa = PBXFileReference; lastKnownFileType = sourcecode.swift; path = "ChihayaPet/Core/ConversationHistory.swift"; sourceTree = SOURCE_ROOT;};
7D035B47FCE7338C0D080737 = {isa = PBXBuildFile; fileRef = 3538D54FB730207E0D201893;};
C790AC20CE2C22A57ED74E8E = {isa = PBXFileReference; lastKnownFileType = sourcecode.swift; path = "ChihayaPet/Core/DialoguePresentation.swift"; sourceTree = SOURCE_ROOT;};
677AB8236AD06BDCDC29A3D7 = {isa = PBXBuildFile; fileRef = C790AC20CE2C22A57ED74E8E;};
C6DC73611EB3A416EB2C6A87 = {isa = PBXFileReference; lastKnownFileType = sourcecode.swift; path = "ChihayaPet/Core/DialogueTextLayout.swift"; sourceTree = SOURCE_ROOT;};
17DF51CA0D6839BCC2FAFA9E = {isa = PBXBuildFile; fileRef = C6DC73611EB3A416EB2C6A87;};
86B4458E0F0AEF90E3E3700B = {isa = PBXFileReference; lastKnownFileType = sourcecode.swift; path = "ChihayaPet/Core/IdleSpeech.swift"; sourceTree = SOURCE_ROOT;};
6BE0CFEFC55A26588213018B = {isa = PBXBuildFile; fileRef = 86B4458E0F0AEF90E3E3700B;};
7738423B3CC89617E25D8F35 = {isa = PBXFileReference; lastKnownFileType = sourcecode.swift; path = "ChihayaPet/Core/InstallerVolumeCleanup.swift"; sourceTree = SOURCE_ROOT;};
1C294FAE59E595664591F6B8 = {isa = PBXBuildFile; fileRef = 7738423B3CC89617E25D8F35;};
5255FC550B350683D1B431EE = {isa = PBXFileReference; lastKnownFileType = sourcecode.swift; path = "ChihayaPet/Core/Preferences.swift"; sourceTree = SOURCE_ROOT;};
BA7B395E1FD3A6436802BA77 = {isa = PBXBuildFile; fileRef = 5255FC550B350683D1B431EE;};
106BEA697EC3DCD90A852788 = {isa = PBXFileReference; lastKnownFileType = sourcecode.swift; path = "ChihayaPet/Core/ProjectPaths.swift"; sourceTree = SOURCE_ROOT;};
FE95128A32188F60C766EFA2 = {isa = PBXBuildFile; fileRef = 106BEA697EC3DCD90A852788;};
DCCEAD8274D915952A403653 = {isa = PBXFileReference; lastKnownFileType = sourcecode.swift; path = "ChihayaPet/Core/RequestCoordinator.swift"; sourceTree = SOURCE_ROOT;};
8C4E66246149D111E9D79ABA = {isa = PBXBuildFile; fileRef = DCCEAD8274D915952A403653;};
44DE1CA93B9810789DEABD8E = {isa = PBXFileReference; lastKnownFileType = sourcecode.swift; path = "ChihayaPet/Desktop/CharacterAnimationTimeline.swift"; sourceTree = SOURCE_ROOT;};
238936F394F9EB913657EBB9 = {isa = PBXBuildFile; fileRef = 44DE1CA93B9810789DEABD8E;};
FD435B4E482BB5E30FF3DFA7 = {isa = PBXFileReference; lastKnownFileType = sourcecode.swift; path = "ChihayaPet/Desktop/CharacterAppearance.swift"; sourceTree = SOURCE_ROOT;};
0772CB2CC370B860B8A0160A = {isa = PBXBuildFile; fileRef = FD435B4E482BB5E30FF3DFA7;};
051B5F6C4DD43EC714339506 = {isa = PBXFileReference; lastKnownFileType = sourcecode.swift; path = "ChihayaPet/Desktop/CharacterExpansionFaceCache.swift"; sourceTree = SOURCE_ROOT;};
B3FD5A6C023549186ACD28E9 = {isa = PBXBuildFile; fileRef = 051B5F6C4DD43EC714339506;};
AFCCC5FD57AA974DFF4DA1D5 = {isa = PBXFileReference; lastKnownFileType = sourcecode.swift; path = "ChihayaPet/Desktop/CharacterExpansionIntegration.swift"; sourceTree = SOURCE_ROOT;};
26D40CF0148E2F83FD70298E = {isa = PBXBuildFile; fileRef = AFCCC5FD57AA974DFF4DA1D5;};
744842DCF6CD5B7425FB6E7B = {isa = PBXFileReference; lastKnownFileType = sourcecode.swift; path = "ChihayaPet/Desktop/CharacterExpansionResources.swift"; sourceTree = SOURCE_ROOT;};
EB2BE47BE2B9F16DCD6B7D43 = {isa = PBXBuildFile; fileRef = 744842DCF6CD5B7425FB6E7B;};
F1460497FFEB88CA5937EA76 = {isa = PBXFileReference; lastKnownFileType = sourcecode.swift; path = "ChihayaPet/Desktop/CharacterInteractionState.swift"; sourceTree = SOURCE_ROOT;};
EFF72414DB7D0B9B829BFE47 = {isa = PBXBuildFile; fileRef = F1460497FFEB88CA5937EA76;};
B9F7FA9106F4C358F203E731 = {isa = PBXFileReference; lastKnownFileType = sourcecode.swift; path = "ChihayaPet/Desktop/DesktopController.swift"; sourceTree = SOURCE_ROOT;};
914EA0AA3BF75DC3DC811131 = {isa = PBXBuildFile; fileRef = B9F7FA9106F4C358F203E731;};
C21DB487B0FB0C4A7CA5031C = {isa = PBXFileReference; lastKnownFileType = sourcecode.swift; path = "ChihayaPet/Desktop/Geometry.swift"; sourceTree = SOURCE_ROOT;};
4B5318D4D6D51BA4F1930412 = {isa = PBXBuildFile; fileRef = C21DB487B0FB0C4A7CA5031C;};
D10185D4DC6A007BC7AC7EA9 = {isa = PBXFileReference; lastKnownFileType = sourcecode.swift; path = "ChihayaPet/Desktop/PNGRenderer.swift"; sourceTree = SOURCE_ROOT;};
17578EDFE1D5239EF69F6E9D = {isa = PBXBuildFile; fileRef = D10185D4DC6A007BC7AC7EA9;};
56BF998CE15A8D42B1317931 = {isa = PBXFileReference; lastKnownFileType = sourcecode.swift; path = "ChihayaPet/Desktop/StandingCharacterSprites.swift"; sourceTree = SOURCE_ROOT;};
5B86F8C8B1F36E6E8CF6A6FC = {isa = PBXBuildFile; fileRef = 56BF998CE15A8D42B1317931;};
B4BFAE99DCB7EA11FE9908B2 = {isa = PBXFileReference; lastKnownFileType = sourcecode.swift; path = "ChihayaPet/Music/MusicController.swift"; sourceTree = SOURCE_ROOT;};
15823AE44C25E2B3FFC3C963 = {isa = PBXBuildFile; fileRef = B4BFAE99DCB7EA11FE9908B2;};
DE7889D0701CE01E8E086DBA = {isa = PBXFileReference; lastKnownFileType = sourcecode.swift; path = "ChihayaPet/Music/MusicLibrary.swift"; sourceTree = SOURCE_ROOT;};
41FB880A6580E57993410C7D = {isa = PBXBuildFile; fileRef = DE7889D0701CE01E8E086DBA;};
247B01FFB2D3570CFF5A42C8 = {isa = PBXFileReference; lastKnownFileType = sourcecode.swift; path = "ChihayaPet/Services/CredentialStore.swift"; sourceTree = SOURCE_ROOT;};
54ACD79A9EF3614B698BB1C8 = {isa = PBXBuildFile; fileRef = 247B01FFB2D3570CFF5A42C8;};
5B01F1C8E5AD1330A781487A = {isa = PBXFileReference; lastKnownFileType = sourcecode.swift; path = "ChihayaPet/Services/ModelClient.swift"; sourceTree = SOURCE_ROOT;};
0048BEF8E38F474FA9ABDE32 = {isa = PBXBuildFile; fileRef = 5B01F1C8E5AD1330A781487A;};
CC3200F5D90277B75039DDB3 = {isa = PBXFileReference; lastKnownFileType = sourcecode.swift; path = "ChihayaPet/UI/ChatView.swift"; sourceTree = SOURCE_ROOT;};
80E04521E41E6812EFD6A742 = {isa = PBXBuildFile; fileRef = CC3200F5D90277B75039DDB3;};
A820101DC541F6892EEAC2CC = {isa = PBXFileReference; lastKnownFileType = sourcecode.swift; path = "ChihayaPet/UI/ChihayaStyle.swift"; sourceTree = SOURCE_ROOT;};
CA9762B6142808F8BC4FAB77 = {isa = PBXBuildFile; fileRef = A820101DC541F6892EEAC2CC;};
94785D598E649F51A3C734BC = {isa = PBXFileReference; lastKnownFileType = sourcecode.swift; path = "ChihayaPet/UI/DialogueView.swift"; sourceTree = SOURCE_ROOT;};
D90D4353AA9E963284040255 = {isa = PBXBuildFile; fileRef = 94785D598E649F51A3C734BC;};
7B942B6A00147B6D92C1D404 = {isa = PBXFileReference; lastKnownFileType = sourcecode.swift; path = "ChihayaPet/UI/FloralOrnaments.swift"; sourceTree = SOURCE_ROOT;};
D6ED4BD9E436433DB5C86C7B = {isa = PBXBuildFile; fileRef = 7B942B6A00147B6D92C1D404;};
01EAEC0ABC5830D0EFA54382 = {isa = PBXFileReference; lastKnownFileType = sourcecode.swift; path = "ChihayaPet/UI/IdleBubbleView.swift"; sourceTree = SOURCE_ROOT;};
8919FE75B3B3788FDA1F40E1 = {isa = PBXBuildFile; fileRef = 01EAEC0ABC5830D0EFA54382;};
6FBA52345DF3FA3105FF71CC = {isa = PBXFileReference; lastKnownFileType = sourcecode.swift; path = "ChihayaPet/UI/InteractionWindows.swift"; sourceTree = SOURCE_ROOT;};
4407877A0712CA178521D4CF = {isa = PBXBuildFile; fileRef = 6FBA52345DF3FA3105FF71CC;};
B22F2484D5DBC52956C26E3F = {isa = PBXFileReference; lastKnownFileType = sourcecode.swift; path = "ChihayaPet/UI/MessageInput.swift"; sourceTree = SOURCE_ROOT;};
10EAE26DB0531B8992BBA6C3 = {isa = PBXBuildFile; fileRef = B22F2484D5DBC52956C26E3F;};
4B512EDE19DC54A2EFA90BCE = {isa = PBXFileReference; lastKnownFileType = sourcecode.swift; path = "ChihayaPet/UI/MusicSettingsView.swift"; sourceTree = SOURCE_ROOT;};
48B7B36F7E7F9442264EC3AA = {isa = PBXBuildFile; fileRef = 4B512EDE19DC54A2EFA90BCE;};
6C34625CEDB311027FD12007 = {isa = PBXFileReference; lastKnownFileType = sourcecode.swift; path = "ChihayaPet/UI/SettingsView.swift"; sourceTree = SOURCE_ROOT;};
C4A4F8A2DE781A9060C0459B = {isa = PBXBuildFile; fileRef = 6C34625CEDB311027FD12007;};
D150DB86BA91E490184737B6 = {isa = PBXFileReference; lastKnownFileType = sourcecode.swift; path = "ChihayaPet/UI/ThemeChrome.swift"; sourceTree = SOURCE_ROOT;};
E1359A9219D30A9270BB8232 = {isa = PBXBuildFile; fileRef = D150DB86BA91E490184737B6;};
EB637A77F31B0E07164B960F = {isa = PBXFileReference; lastKnownFileType = sourcecode.swift; path = "ChihayaPetTests/AppStoreTests.swift"; sourceTree = SOURCE_ROOT;};
66FA22DFA795CAB1CD1AAB8F = {isa = PBXBuildFile; fileRef = EB637A77F31B0E07164B960F;};
4ACDB9B0FF01D56A7397C3B3 = {isa = PBXFileReference; lastKnownFileType = sourcecode.swift; path = "ChihayaPetTests/CharacterAnimationTests.swift"; sourceTree = SOURCE_ROOT;};
7E7C3AC04369A1A77C96D414 = {isa = PBXBuildFile; fileRef = 4ACDB9B0FF01D56A7397C3B3;};
DDE51B6F42BBCF9DBD3E898B = {isa = PBXFileReference; lastKnownFileType = sourcecode.swift; path = "ChihayaPetTests/CharacterExpansionIntegrationTests.swift"; sourceTree = SOURCE_ROOT;};
7DFB73993FB7BE271EE3368B = {isa = PBXBuildFile; fileRef = DDE51B6F42BBCF9DBD3E898B;};
202FB89971B1F06D46A93C2A = {isa = PBXFileReference; lastKnownFileType = sourcecode.swift; path = "ChihayaPetTests/CharacterExpansionTests.swift"; sourceTree = SOURCE_ROOT;};
558E0E31C2F535E98A901B8B = {isa = PBXBuildFile; fileRef = 202FB89971B1F06D46A93C2A;};
710FC10628E14A2249E6B532 = {isa = PBXFileReference; lastKnownFileType = sourcecode.swift; path = "ChihayaPetTests/CharacterExpansionVisualAcceptanceTests.swift"; sourceTree = SOURCE_ROOT;};
3C2D41E2A538EA25607D735B = {isa = PBXBuildFile; fileRef = 710FC10628E14A2249E6B532;};
0E8A9D1BAE6744D52D85608E = {isa = PBXFileReference; lastKnownFileType = sourcecode.swift; path = "ChihayaPetTests/CharacterInteractionStateTests.swift"; sourceTree = SOURCE_ROOT;};
A071BA69076EE3E6488023E3 = {isa = PBXBuildFile; fileRef = 0E8A9D1BAE6744D52D85608E;};
6C14343712BAB887096B4A9D = {isa = PBXFileReference; lastKnownFileType = sourcecode.swift; path = "ChihayaPetTests/CharacterSpriteTests.swift"; sourceTree = SOURCE_ROOT;};
7EB748A9E6D2A610ACEFE9A2 = {isa = PBXBuildFile; fileRef = 6C14343712BAB887096B4A9D;};
915F550F0B4D5F1A7536973C = {isa = PBXFileReference; lastKnownFileType = sourcecode.swift; path = "ChihayaPetTests/CoordinatorTests.swift"; sourceTree = SOURCE_ROOT;};
1AF290B9CAB479C45F49E479 = {isa = PBXBuildFile; fileRef = 915F550F0B4D5F1A7536973C;};
D6A4ACD1982A26B7664825DA = {isa = PBXFileReference; lastKnownFileType = sourcecode.swift; path = "ChihayaPetTests/CredentialTests.swift"; sourceTree = SOURCE_ROOT;};
64727BE467B758A4E390E01D = {isa = PBXBuildFile; fileRef = D6A4ACD1982A26B7664825DA;};
6E4FE8601095C1C5983C7F33 = {isa = PBXFileReference; lastKnownFileType = sourcecode.swift; path = "ChihayaPetTests/DialogueTests.swift"; sourceTree = SOURCE_ROOT;};
660646775C8976BC9CB92EDC = {isa = PBXBuildFile; fileRef = 6E4FE8601095C1C5983C7F33;};
F1617B2ADD6BD8EC915D179B = {isa = PBXFileReference; lastKnownFileType = sourcecode.swift; path = "ChihayaPetTests/GeometryTests.swift"; sourceTree = SOURCE_ROOT;};
60DCA2BDF7E4D33419A348DA = {isa = PBXBuildFile; fileRef = F1617B2ADD6BD8EC915D179B;};
1CDD1458059D75168DB63C38 = {isa = PBXFileReference; lastKnownFileType = sourcecode.swift; path = "ChihayaPetTests/HistoryTests.swift"; sourceTree = SOURCE_ROOT;};
2BB55DEEA4437E358421FA2A = {isa = PBXBuildFile; fileRef = 1CDD1458059D75168DB63C38;};
7EE7A04D291736E4C317A639 = {isa = PBXFileReference; lastKnownFileType = sourcecode.swift; path = "ChihayaPetTests/IdleBubbleTests.swift"; sourceTree = SOURCE_ROOT;};
FDE895DC040CE7F1644AF946 = {isa = PBXBuildFile; fileRef = 7EE7A04D291736E4C317A639;};
65E660524124F5A732487F8B = {isa = PBXFileReference; lastKnownFileType = sourcecode.swift; path = "ChihayaPetTests/IdleSpeechTests.swift"; sourceTree = SOURCE_ROOT;};
4770A2530A4BC98A6F505C5A = {isa = PBXBuildFile; fileRef = 65E660524124F5A732487F8B;};
7CB41F0AEE2F6FA020DFA163 = {isa = PBXFileReference; lastKnownFileType = sourcecode.swift; path = "ChihayaPetTests/InputTests.swift"; sourceTree = SOURCE_ROOT;};
D072EE0F0F4D914D40F09F1D = {isa = PBXBuildFile; fileRef = 7CB41F0AEE2F6FA020DFA163;};
D34BEFB154B61B8EE375580E = {isa = PBXFileReference; lastKnownFileType = sourcecode.swift; path = "ChihayaPetTests/InstallerVolumeCleanupTests.swift"; sourceTree = SOURCE_ROOT;};
B49445364B1E3EEA8D2C6BF2 = {isa = PBXBuildFile; fileRef = D34BEFB154B61B8EE375580E;};
779E3C4DE64A604892B6D494 = {isa = PBXFileReference; lastKnownFileType = sourcecode.swift; path = "ChihayaPetTests/MusicTests.swift"; sourceTree = SOURCE_ROOT;};
C0F5717392D199451DF623D7 = {isa = PBXBuildFile; fileRef = 779E3C4DE64A604892B6D494;};
B83FD63A776C7DFDCA8BFD0E = {isa = PBXFileReference; lastKnownFileType = sourcecode.swift; path = "ChihayaPetTests/NativeDialogueTests.swift"; sourceTree = SOURCE_ROOT;};
6D1FBC43404E0292DF989756 = {isa = PBXBuildFile; fileRef = B83FD63A776C7DFDCA8BFD0E;};
3E124E17058FDB20B879EFC0 = {isa = PBXFileReference; lastKnownFileType = sourcecode.swift; path = "ChihayaPetTests/NetworkTests.swift"; sourceTree = SOURCE_ROOT;};
91024A92297349DD3174AC81 = {isa = PBXBuildFile; fileRef = 3E124E17058FDB20B879EFC0;};
7F5C2A997CC7C27B26350AB3 = {isa = PBXFileReference; lastKnownFileType = sourcecode.swift; path = "ChihayaPetTests/ProjectStorageTests.swift"; sourceTree = SOURCE_ROOT;};
5E35C4592F3BC9A517703304 = {isa = PBXBuildFile; fileRef = 7F5C2A997CC7C27B26350AB3;};
E957685201526035A4499CF5 = {isa = PBXFileReference; lastKnownFileType = sourcecode.swift; path = "ChihayaPetTests/ResourceAndDesktopTests.swift"; sourceTree = SOURCE_ROOT;};
4F9796158DA777119A57EF9D = {isa = PBXBuildFile; fileRef = E957685201526035A4499CF5;};
080D3A8E98E862EFD340E157 = {isa = PBXFileReference; lastKnownFileType = sourcecode.swift; path = "ChihayaPetTests/SharedBubbleWindowTests.swift"; sourceTree = SOURCE_ROOT;};
ED932BEF8F62F2A0689294A0 = {isa = PBXBuildFile; fileRef = 080D3A8E98E862EFD340E157;};
AB7C344B248A73FE777510C4 = {isa = PBXFileReference; lastKnownFileType = sourcecode.swift; path = "ChihayaPetTests/StandingCharacterTests.swift"; sourceTree = SOURCE_ROOT;};
2B979004CB10C078D04C82A2 = {isa = PBXBuildFile; fileRef = AB7C344B248A73FE777510C4;};
614A8544307194148764F088 = {isa = PBXFileReference; lastKnownFileType = sourcecode.swift; path = "ChihayaPetTests/StandingCharacterVisualAcceptanceTests.swift"; sourceTree = SOURCE_ROOT;};
0BE1E3F1BDB2B57AFD4812FD = {isa = PBXBuildFile; fileRef = 614A8544307194148764F088;};
F6A38DDBDA00FA2796BC714C = {isa = PBXFileReference; lastKnownFileType = sourcecode.swift; path = "ChihayaPetTests/StreamingStateTests.swift"; sourceTree = SOURCE_ROOT;};
20B8514975609BCCDEC374CF = {isa = PBXBuildFile; fileRef = F6A38DDBDA00FA2796BC714C;};
F97D75F0608D908411E71438 = {isa = PBXFileReference; lastKnownFileType = sourcecode.swift; path = "ChihayaPetTests/ThemeTests.swift"; sourceTree = SOURCE_ROOT;};
89CAC2D30C5461C4D54985CC = {isa = PBXBuildFile; fileRef = F97D75F0608D908411E71438;};
C7BFA84FB7AF9F63392E4B35 = {isa = PBXFileReference; lastKnownFileType = sourcecode.swift; path = "ChihayaPetTests/ViewRenderingTests.swift"; sourceTree = SOURCE_ROOT;};
A06650829CA124AF0875F2A7 = {isa = PBXBuildFile; fileRef = C7BFA84FB7AF9F63392E4B35;};
5B7B3B6202CA48C819AB27F9 = {isa = PBXFileReference; lastKnownFileType = sourcecode.swift; path = "ChihayaPetTests/WindowThemeTests.swift"; sourceTree = SOURCE_ROOT;};
37DC98A156B42A64A8F13C2B = {isa = PBXBuildFile; fileRef = 5B7B3B6202CA48C819AB27F9;};
4CBF7E678306291958C03E40 = {isa = PBXFileReference; lastKnownFileType = text; path = "ChihayaPet/Resources/fansitekit-notice-original.txt"; sourceTree = SOURCE_ROOT;};
35ACFBFAE64514461C2E9A35 = {isa = PBXBuildFile; fileRef = 4CBF7E678306291958C03E40;};
A1AAFA18BA9AE8C17EF0CE36 = {isa = PBXFileReference; lastKnownFileType = folder; path = "ChihayaPet/Resources/Characters"; sourceTree = SOURCE_ROOT;};
A5502DD643DC871B7C61D96B = {isa = PBXBuildFile; fileRef = A1AAFA18BA9AE8C17EF0CE36;};
FBDC4F23F93125BBEEAE800C = {isa = PBXGroup; children = (845F65209D19F1E91A3C573D, 9FEED0499F36FF4A8531E2EC,); name = Products; sourceTree = "<group>";};
E50290A24C49A459B43487C5 = {isa = PBXGroup; children = (C066AB996F5DE62EEFAF259A, DD0FD2ECC2F5D1A147E2AF2C, 3538D54FB730207E0D201893, C790AC20CE2C22A57ED74E8E, C6DC73611EB3A416EB2C6A87, 86B4458E0F0AEF90E3E3700B, 7738423B3CC89617E25D8F35, 5255FC550B350683D1B431EE, 106BEA697EC3DCD90A852788, DCCEAD8274D915952A403653, 44DE1CA93B9810789DEABD8E, FD435B4E482BB5E30FF3DFA7, 051B5F6C4DD43EC714339506, AFCCC5FD57AA974DFF4DA1D5, 744842DCF6CD5B7425FB6E7B, F1460497FFEB88CA5937EA76, B9F7FA9106F4C358F203E731, C21DB487B0FB0C4A7CA5031C, D10185D4DC6A007BC7AC7EA9, 56BF998CE15A8D42B1317931, B4BFAE99DCB7EA11FE9908B2, DE7889D0701CE01E8E086DBA, 247B01FFB2D3570CFF5A42C8, 5B01F1C8E5AD1330A781487A, CC3200F5D90277B75039DDB3, A820101DC541F6892EEAC2CC, 94785D598E649F51A3C734BC, 7B942B6A00147B6D92C1D404, 01EAEC0ABC5830D0EFA54382, 6FBA52345DF3FA3105FF71CC, B22F2484D5DBC52956C26E3F, 4B512EDE19DC54A2EFA90BCE, 6C34625CEDB311027FD12007, D150DB86BA91E490184737B6, EB637A77F31B0E07164B960F, 4ACDB9B0FF01D56A7397C3B3, DDE51B6F42BBCF9DBD3E898B, 202FB89971B1F06D46A93C2A, 710FC10628E14A2249E6B532, 0E8A9D1BAE6744D52D85608E, 6C14343712BAB887096B4A9D, 915F550F0B4D5F1A7536973C, D6A4ACD1982A26B7664825DA, 6E4FE8601095C1C5983C7F33, F1617B2ADD6BD8EC915D179B, 1CDD1458059D75168DB63C38, 7EE7A04D291736E4C317A639, 65E660524124F5A732487F8B, 7CB41F0AEE2F6FA020DFA163, D34BEFB154B61B8EE375580E, 779E3C4DE64A604892B6D494, B83FD63A776C7DFDCA8BFD0E, 3E124E17058FDB20B879EFC0, 7F5C2A997CC7C27B26350AB3, E957685201526035A4499CF5, 080D3A8E98E862EFD340E157, AB7C344B248A73FE777510C4, 614A8544307194148764F088, F6A38DDBDA00FA2796BC714C, F97D75F0608D908411E71438, C7BFA84FB7AF9F63392E4B35, 5B7B3B6202CA48C819AB27F9, 4CBF7E678306291958C03E40, A1AAFA18BA9AE8C17EF0CE36, FBDC4F23F93125BBEEAE800C,); sourceTree = "<group>";};
657EE81F72B04E344AD48704 = {isa = XCBuildConfiguration; buildSettings = {ARCHS = "arm64";SDKROOT = "macosx";MACOSX_DEPLOYMENT_TARGET = "26.0";SWIFT_VERSION = "5.0";CLANG_ENABLE_MODULES = "YES";SWIFT_OPTIMIZATION_LEVEL = "-Onone";DEBUG_INFORMATION_FORMAT = "dwarf";ENABLE_TESTABILITY = "YES";CODE_SIGN_IDENTITY = "-";CODE_SIGN_STYLE = "Manual";SWIFT_ACTIVE_COMPILATION_CONDITIONS = "DEBUG";}; name = Debug;};
AA45CF0082C822F46E1F835F = {isa = XCBuildConfiguration; buildSettings = {ARCHS = "arm64";SDKROOT = "macosx";MACOSX_DEPLOYMENT_TARGET = "26.0";SWIFT_VERSION = "5.0";CLANG_ENABLE_MODULES = "YES";SWIFT_OPTIMIZATION_LEVEL = "-O";DEBUG_INFORMATION_FORMAT = "dwarf-with-dsym";ENABLE_TESTABILITY = "YES";CODE_SIGN_IDENTITY = "-";CODE_SIGN_STYLE = "Manual";SWIFT_ACTIVE_COMPILATION_CONDITIONS = "";}; name = Release;};
BD59A88C5EC2D65E34727A49 = {isa = XCConfigurationList; buildConfigurations = (657EE81F72B04E344AD48704, AA45CF0082C822F46E1F835F,); defaultConfigurationIsVisible = 0; defaultConfigurationName = Release;};
79E887E2CE90C5962FE423C9 = {isa = XCBuildConfiguration; buildSettings = {ARCHS = "arm64";SDKROOT = "macosx";MACOSX_DEPLOYMENT_TARGET = "26.0";SWIFT_VERSION = "5.0";CLANG_ENABLE_MODULES = "YES";SWIFT_OPTIMIZATION_LEVEL = "-Onone";DEBUG_INFORMATION_FORMAT = "dwarf";ENABLE_TESTABILITY = "YES";CODE_SIGN_IDENTITY = "-";CODE_SIGN_STYLE = "Manual";SWIFT_ACTIVE_COMPILATION_CONDITIONS = "DEBUG";PRODUCT_BUNDLE_IDENTIFIER = "local.ChihayaPet";PRODUCT_NAME = "$(TARGET_NAME)";INFOPLIST_FILE = "ChihayaPet/Info.plist";GENERATE_INFOPLIST_FILE = "NO";LD_RUNPATH_SEARCH_PATHS = "$(inherited) @executable_path/../Frameworks";ENABLE_APP_SANDBOX = "NO";}; name = Debug;};
A00081F140AF3EF4697FAB53 = {isa = XCBuildConfiguration; buildSettings = {ARCHS = "arm64";SDKROOT = "macosx";MACOSX_DEPLOYMENT_TARGET = "26.0";SWIFT_VERSION = "5.0";CLANG_ENABLE_MODULES = "YES";SWIFT_OPTIMIZATION_LEVEL = "-O";DEBUG_INFORMATION_FORMAT = "dwarf-with-dsym";ENABLE_TESTABILITY = "YES";CODE_SIGN_IDENTITY = "-";CODE_SIGN_STYLE = "Manual";SWIFT_ACTIVE_COMPILATION_CONDITIONS = "";PRODUCT_BUNDLE_IDENTIFIER = "local.ChihayaPet";PRODUCT_NAME = "$(TARGET_NAME)";INFOPLIST_FILE = "ChihayaPet/Info.plist";GENERATE_INFOPLIST_FILE = "NO";LD_RUNPATH_SEARCH_PATHS = "$(inherited) @executable_path/../Frameworks";ENABLE_APP_SANDBOX = "NO";}; name = Release;};
1D5BE549778104DBF1E966E6 = {isa = XCConfigurationList; buildConfigurations = (79E887E2CE90C5962FE423C9, A00081F140AF3EF4697FAB53,); defaultConfigurationIsVisible = 0; defaultConfigurationName = Release;};
71265213AEA60F4DDDE8E586 = {isa = XCBuildConfiguration; buildSettings = {ARCHS = "arm64";SDKROOT = "macosx";MACOSX_DEPLOYMENT_TARGET = "26.0";SWIFT_VERSION = "5.0";CLANG_ENABLE_MODULES = "YES";SWIFT_OPTIMIZATION_LEVEL = "-Onone";DEBUG_INFORMATION_FORMAT = "dwarf";ENABLE_TESTABILITY = "YES";CODE_SIGN_IDENTITY = "-";CODE_SIGN_STYLE = "Manual";SWIFT_ACTIVE_COMPILATION_CONDITIONS = "DEBUG";PRODUCT_BUNDLE_IDENTIFIER = "local.ChihayaPetTests";PRODUCT_NAME = "$(TARGET_NAME)";GENERATE_INFOPLIST_FILE = "YES";TEST_HOST = "$(BUILT_PRODUCTS_DIR)/ChihayaPet.app/Contents/MacOS/ChihayaPet";BUNDLE_LOADER = "$(TEST_HOST)";LD_RUNPATH_SEARCH_PATHS = "$(inherited) @executable_path/../Frameworks @loader_path/../Frameworks";}; name = Debug;};
1CEEFC37665B122BEC45C550 = {isa = XCBuildConfiguration; buildSettings = {ARCHS = "arm64";SDKROOT = "macosx";MACOSX_DEPLOYMENT_TARGET = "26.0";SWIFT_VERSION = "5.0";CLANG_ENABLE_MODULES = "YES";SWIFT_OPTIMIZATION_LEVEL = "-O";DEBUG_INFORMATION_FORMAT = "dwarf-with-dsym";ENABLE_TESTABILITY = "YES";CODE_SIGN_IDENTITY = "-";CODE_SIGN_STYLE = "Manual";SWIFT_ACTIVE_COMPILATION_CONDITIONS = "";PRODUCT_BUNDLE_IDENTIFIER = "local.ChihayaPetTests";PRODUCT_NAME = "$(TARGET_NAME)";GENERATE_INFOPLIST_FILE = "YES";TEST_HOST = "$(BUILT_PRODUCTS_DIR)/ChihayaPet.app/Contents/MacOS/ChihayaPet";BUNDLE_LOADER = "$(TEST_HOST)";LD_RUNPATH_SEARCH_PATHS = "$(inherited) @executable_path/../Frameworks @loader_path/../Frameworks";}; name = Release;};
AC73CDC38EB2D5076B2245FE = {isa = XCConfigurationList; buildConfigurations = (71265213AEA60F4DDDE8E586, 1CEEFC37665B122BEC45C550,); defaultConfigurationIsVisible = 0; defaultConfigurationName = Release;};
D799BAE6088A90139B415FCC = {isa = PBXContainerItemProxy; containerPortal = 98F54143AB4E86B28C3AFEE0; proxyType = 1; remoteGlobalIDString = C13732C8E715C9BEE4FA51C9; remoteInfo = ChihayaPet;};
E9FAD0C6CD43534327C0AF90 = {isa = PBXTargetDependency; target = C13732C8E715C9BEE4FA51C9; targetProxy = D799BAE6088A90139B415FCC;};
28E30B7D232F9B4B78778CA2 = {isa = PBXSourcesBuildPhase; buildActionMask = 2147483647; files = (EFD9CE9AD553D1036554287A, AD738A4796F310607DB7DB4A, 7D035B47FCE7338C0D080737, 677AB8236AD06BDCDC29A3D7, 17DF51CA0D6839BCC2FAFA9E, 6BE0CFEFC55A26588213018B, 1C294FAE59E595664591F6B8, BA7B395E1FD3A6436802BA77, FE95128A32188F60C766EFA2, 8C4E66246149D111E9D79ABA, 238936F394F9EB913657EBB9, 0772CB2CC370B860B8A0160A, B3FD5A6C023549186ACD28E9, 26D40CF0148E2F83FD70298E, EB2BE47BE2B9F16DCD6B7D43, EFF72414DB7D0B9B829BFE47, 914EA0AA3BF75DC3DC811131, 4B5318D4D6D51BA4F1930412, 17578EDFE1D5239EF69F6E9D, 5B86F8C8B1F36E6E8CF6A6FC, 15823AE44C25E2B3FFC3C963, 41FB880A6580E57993410C7D, 54ACD79A9EF3614B698BB1C8, 0048BEF8E38F474FA9ABDE32, 80E04521E41E6812EFD6A742, CA9762B6142808F8BC4FAB77, D90D4353AA9E963284040255, D6ED4BD9E436433DB5C86C7B, 8919FE75B3B3788FDA1F40E1, 4407877A0712CA178521D4CF, 10EAE26DB0531B8992BBA6C3, 48B7B36F7E7F9442264EC3AA, C4A4F8A2DE781A9060C0459B, E1359A9219D30A9270BB8232,); runOnlyForDeploymentPostprocessing = 0;};
DB8BF58B205897CD1F523426 = {isa = PBXFrameworksBuildPhase; buildActionMask = 2147483647; files = (); runOnlyForDeploymentPostprocessing = 0;};
3041AE76937E007EAD4D4CC7 = {isa = PBXResourcesBuildPhase; buildActionMask = 2147483647; files = (35ACFBFAE64514461C2E9A35, A5502DD643DC871B7C61D96B,); runOnlyForDeploymentPostprocessing = 0;};
EFFD43FB0165C532E486EBC8 = {isa = PBXShellScriptBuildPhase; buildActionMask = 2147483647; files = (); inputPaths = (); outputPaths = (); runOnlyForDeploymentPostprocessing = 0; alwaysOutOfDate = 1; name = "Validate character resources"; shellPath = /bin/sh; shellScript = "python3 \"$SRCROOT/scripts/verify_resources.py\" --source-only";};
C13732C8E715C9BEE4FA51C9 = {isa = PBXNativeTarget; buildConfigurationList = 1D5BE549778104DBF1E966E6; buildPhases = (EFFD43FB0165C532E486EBC8, 28E30B7D232F9B4B78778CA2, DB8BF58B205897CD1F523426, 3041AE76937E007EAD4D4CC7,); buildRules = (); dependencies = (); name = ChihayaPet; productName = ChihayaPet; productReference = 845F65209D19F1E91A3C573D; productType = "com.apple.product-type.application";};
BC240C47C5208228858FE562 = {isa = PBXSourcesBuildPhase; buildActionMask = 2147483647; files = (66FA22DFA795CAB1CD1AAB8F, 7E7C3AC04369A1A77C96D414, 7DFB73993FB7BE271EE3368B, 558E0E31C2F535E98A901B8B, 3C2D41E2A538EA25607D735B, A071BA69076EE3E6488023E3, 7EB748A9E6D2A610ACEFE9A2, 1AF290B9CAB479C45F49E479, 64727BE467B758A4E390E01D, 660646775C8976BC9CB92EDC, 60DCA2BDF7E4D33419A348DA, 2BB55DEEA4437E358421FA2A, FDE895DC040CE7F1644AF946, 4770A2530A4BC98A6F505C5A, D072EE0F0F4D914D40F09F1D, B49445364B1E3EEA8D2C6BF2, C0F5717392D199451DF623D7, 6D1FBC43404E0292DF989756, 91024A92297349DD3174AC81, 5E35C4592F3BC9A517703304, 4F9796158DA777119A57EF9D, ED932BEF8F62F2A0689294A0, 2B979004CB10C078D04C82A2, 0BE1E3F1BDB2B57AFD4812FD, 20B8514975609BCCDEC374CF, 89CAC2D30C5461C4D54985CC, A06650829CA124AF0875F2A7, 37DC98A156B42A64A8F13C2B,); runOnlyForDeploymentPostprocessing = 0;};
A4857E9F6FF3D1EA05B24DE0 = {isa = PBXFrameworksBuildPhase; buildActionMask = 2147483647; files = (); runOnlyForDeploymentPostprocessing = 0;};
98146F85E22CE99C52624CAA = {isa = PBXResourcesBuildPhase; buildActionMask = 2147483647; files = (); runOnlyForDeploymentPostprocessing = 0;};
64BCB755386F844C96A2A5B0 = {isa = PBXNativeTarget; buildConfigurationList = AC73CDC38EB2D5076B2245FE; buildPhases = (BC240C47C5208228858FE562, A4857E9F6FF3D1EA05B24DE0, 98146F85E22CE99C52624CAA,); buildRules = (); dependencies = (E9FAD0C6CD43534327C0AF90,); name = ChihayaPetTests; productName = ChihayaPetTests; productReference = 9FEED0499F36FF4A8531E2EC; productType = "com.apple.product-type.bundle.unit-test";};
98F54143AB4E86B28C3AFEE0 = {isa = PBXProject; attributes = {LastUpgradeCheck = 2660;}; buildConfigurationList = BD59A88C5EC2D65E34727A49; compatibilityVersion = "Xcode 14.0"; developmentRegion = zh-Hans; hasScannedForEncodings = 0; knownRegions = ("zh-Hans", en, Base); mainGroup = E50290A24C49A459B43487C5; productRefGroup = FBDC4F23F93125BBEEAE800C; projectDirPath = ""; projectRoot = ""; targets = (C13732C8E715C9BEE4FA51C9, 64BCB755386F844C96A2A5B0,);};
}; rootObject = 98F54143AB4E86B28C3AFEE0;}
